// !$*UTF8*$!
{
	archiveVersion = 1;
	classes = {
	};
	objectVersion = 46;
	objects = {

/* Begin PBXBuildFile section */
		5D71E27A1DA2AE910052BDFF /* LocationViewController.m in Sources */ = {isa = PBXBuildFile; fileRef = 5D71E2791DA2AE910052BDFF /* LocationViewController.m */; };
		5D71E27C1DA2B86E0052BDFF /* CoreLocation.framework in Frameworks */ = {isa = PBXBuildFile; fileRef = 5D71E27B1DA2B86E0052BDFF /* CoreLocation.framework */; };
		5D71E27E1DA2B8760052BDFF /* MapKit.framework in Frameworks */ = {isa = PBXBuildFile; fileRef = 5D71E27D1DA2B8760052BDFF /* MapKit.framework */; };
		5D71E2821DA2CB310052BDFF /* Constants.m in Sources */ = {isa = PBXBuildFile; fileRef = 5D71E2811DA2CB310052BDFF /* Constants.m */; };
		5D71E2841DA2E9390052BDFF /* placeholder.png in Resources */ = {isa = PBXBuildFile; fileRef = 5D71E2831DA2E9390052BDFF /* placeholder.png */; };
		5D71E2881DA341230052BDFF /* UIImage+Save.m in Sources */ = {isa = PBXBuildFile; fileRef = 5D71E2871DA341230052BDFF /* UIImage+Save.m */; };
		5DFEF4581D9CA4B6009778BB /* main.m in Sources */ = {isa = PBXBuildFile; fileRef = 5DFEF4571D9CA4B6009778BB /* main.m */; };
		5DFEF45B1D9CA4B6009778BB /* AppDelegate.m in Sources */ = {isa = PBXBuildFile; fileRef = 5DFEF45A1D9CA4B6009778BB /* AppDelegate.m */; };
		5DFEF4611D9CA4B6009778BB /* Main.storyboard in Resources */ = {isa = PBXBuildFile; fileRef = 5DFEF45F1D9CA4B6009778BB /* Main.storyboard */; };
		5DFEF4641D9CA4B6009778BB /* RistorantApp.xcdatamodeld in Sources */ = {isa = PBXBuildFile; fileRef = 5DFEF4621D9CA4B6009778BB /* RistorantApp.xcdatamodeld */; };
		5DFEF4661D9CA4B6009778BB /* Assets.xcassets in Resources */ = {isa = PBXBuildFile; fileRef = 5DFEF4651D9CA4B6009778BB /* Assets.xcassets */; };
		5DFEF4691D9CA4B6009778BB /* LaunchScreen.storyboard in Resources */ = {isa = PBXBuildFile; fileRef = 5DFEF4671D9CA4B6009778BB /* LaunchScreen.storyboard */; };
		5DFEF4761DA1643E009778BB /* Restaurant.m in Sources */ = {isa = PBXBuildFile; fileRef = 5DFEF4751DA1643E009778BB /* Restaurant.m */; };
		5DFEF4791DA16834009778BB /* CoreDataStorage.m in Sources */ = {isa = PBXBuildFile; fileRef = 5DFEF4781DA16834009778BB /* CoreDataStorage.m */; };
		5DFEF4881DA236DA009778BB /* RestaurantTableViewController.m in Sources */ = {isa = PBXBuildFile; fileRef = 5DFEF4871DA236DA009778BB /* RestaurantTableViewController.m */; };
		5DFEF48B1DA2373A009778BB /* RestaurantTableViewCell.m in Sources */ = {isa = PBXBuildFile; fileRef = 5DFEF48A1DA2373A009778BB /* RestaurantTableViewCell.m */; };
		5DFEF48F1DA23B8E009778BB /* star.png in Resources */ = {isa = PBXBuildFile; fileRef = 5DFEF48D1DA23B8E009778BB /* star.png */; };
		5DFEF4901DA23B8E009778BB /* star@2x.png in Resources */ = {isa = PBXBuildFile; fileRef = 5DFEF48E1DA23B8E009778BB /* star@2x.png */; };
		5DFEF4931DA263F6009778BB /* RestaurantDetailViewController.m in Sources */ = {isa = PBXBuildFile; fileRef = 5DFEF4921DA263F6009778BB /* RestaurantDetailViewController.m */; };
/* End PBXBuildFile section */

/* Begin PBXFileReference section */
		5D71E2781DA2AE910052BDFF /* LocationViewController.h */ = {isa = PBXFileReference; fileEncoding = 4; lastKnownFileType = sourcecode.c.h; path = LocationViewController.h; sourceTree = "<group>"; };
		5D71E2791DA2AE910052BDFF /* LocationViewController.m */ = {isa = PBXFileReference; fileEncoding = 4; lastKnownFileType = sourcecode.c.objc; path = LocationViewController.m; sourceTree = "<group>"; };
		5D71E27B1DA2B86E0052BDFF /* CoreLocation.framework */ = {isa = PBXFileReference; lastKnownFileType = wrapper.framework; name = CoreLocation.framework; path = System/Library/Frameworks/CoreLocation.framework; sourceTree = SDKROOT; };
		5D71E27D1DA2B8760052BDFF /* MapKit.framework */ = {isa = PBXFileReference; lastKnownFileType = wrapper.framework; name = MapKit.framework; path = System/Library/Frameworks/MapKit.framework; sourceTree = SDKROOT; };
		5D71E2801DA2CB310052BDFF /* Constants.h */ = {isa = PBXFileReference; fileEncoding = 4; lastKnownFileType = sourcecode.c.h; path = Constants.h; sourceTree = "<group>"; };
		5D71E2811DA2CB310052BDFF /* Constants.m */ = {isa = PBXFileReference; fileEncoding = 4; lastKnownFileType = sourcecode.c.objc; path = Constants.m; sourceTree = "<group>"; };
		5D71E2831DA2E9390052BDFF /* placeholder.png */ = {isa = PBXFileReference; lastKnownFileType = image.png; path = placeholder.png; sourceTree = "<group>"; };
		5D71E2861DA341230052BDFF /* UIImage+Save.h */ = {isa = PBXFileReference; fileEncoding = 4; lastKnownFileType = sourcecode.c.h; path = "UIImage+Save.h"; sourceTree = "<group>"; };
		5D71E2871DA341230052BDFF /* UIImage+Save.m */ = {isa = PBXFileReference; fileEncoding = 4; lastKnownFileType = sourcecode.c.objc; path = "UIImage+Save.m"; sourceTree = "<group>"; };
		5DFEF4531D9CA4B5009778BB /* RistorantApp.app */ = {isa = PBXFileReference; explicitFileType = wrapper.application; includeInIndex = 0; path = RistorantApp.app; sourceTree = BUILT_PRODUCTS_DIR; };
		5DFEF4571D9CA4B6009778BB /* main.m */ = {isa = PBXFileReference; lastKnownFileType = sourcecode.c.objc; path = main.m; sourceTree = "<group>"; };
		5DFEF4591D9CA4B6009778BB /* AppDelegate.h */ = {isa = PBXFileReference; lastKnownFileType = sourcecode.c.h; path = AppDelegate.h; sourceTree = "<group>"; };
		5DFEF45A1D9CA4B6009778BB /* AppDelegate.m */ = {isa = PBXFileReference; lastKnownFileType = sourcecode.c.objc; path = AppDelegate.m; sourceTree = "<group>"; };
		5DFEF4601D9CA4B6009778BB /* Base */ = {isa = PBXFileReference; lastKnownFileType = file.storyboard; name = Base; path = Base.lproj/Main.storyboard; sourceTree = "<group>"; };
		5DFEF4631D9CA4B6009778BB /* RistorantApp.xcdatamodel */ = {isa = PBXFileReference; lastKnownFileType = wrapper.xcdatamodel; path = RistorantApp.xcdatamodel; sourceTree = "<group>"; };
		5DFEF4651D9CA4B6009778BB /* Assets.xcassets */ = {isa = PBXFileReference; lastKnownFileType = folder.assetcatalog; path = Assets.xcassets; sourceTree = "<group>"; };
		5DFEF4681D9CA4B6009778BB /* Base */ = {isa = PBXFileReference; lastKnownFileType = file.storyboard; name = Base; path = Base.lproj/LaunchScreen.storyboard; sourceTree = "<group>"; };
		5DFEF46A1D9CA4B6009778BB /* Info.plist */ = {isa = PBXFileReference; lastKnownFileType = text.plist.xml; path = Info.plist; sourceTree = "<group>"; };
		5DFEF4741DA1643E009778BB /* Restaurant.h */ = {isa = PBXFileReference; fileEncoding = 4; lastKnownFileType = sourcecode.c.h; path = Restaurant.h; sourceTree = "<group>"; };
		5DFEF4751DA1643E009778BB /* Restaurant.m */ = {isa = PBXFileReference; fileEncoding = 4; lastKnownFileType = sourcecode.c.objc; path = Restaurant.m; sourceTree = "<group>"; };
		5DFEF4771DA16834009778BB /* CoreDataStorage.h */ = {isa = PBXFileReference; fileEncoding = 4; lastKnownFileType = sourcecode.c.h; path = CoreDataStorage.h; sourceTree = "<group>"; };
		5DFEF4781DA16834009778BB /* CoreDataStorage.m */ = {isa = PBXFileReference; fileEncoding = 4; lastKnownFileType = sourcecode.c.objc; path = CoreDataStorage.m; sourceTree = "<group>"; };
		5DFEF4861DA236DA009778BB /* RestaurantTableViewController.h */ = {isa = PBXFileReference; fileEncoding = 4; lastKnownFileType = sourcecode.c.h; path = RestaurantTableViewController.h; sourceTree = "<group>"; };
		5DFEF4871DA236DA009778BB /* RestaurantTableViewController.m */ = {isa = PBXFileReference; fileEncoding = 4; lastKnownFileType = sourcecode.c.objc; path = RestaurantTableViewController.m; sourceTree = "<group>"; };
		5DFEF4891DA2373A009778BB /* RestaurantTableViewCell.h */ = {isa = PBXFileReference; fileEncoding = 4; lastKnownFileType = sourcecode.c.h; path = RestaurantTableViewCell.h; sourceTree = "<group>"; };
		5DFEF48A1DA2373A009778BB /* RestaurantTableViewCell.m */ = {isa = PBXFileReference; fileEncoding = 4; lastKnownFileType = sourcecode.c.objc; path = RestaurantTableViewCell.m; sourceTree = "<group>"; };
		5DFEF48D1DA23B8E009778BB /* star.png */ = {isa = PBXFileReference; lastKnownFileType = image.png; path = star.png; sourceTree = "<group>"; };
		5DFEF48E1DA23B8E009778BB /* star@2x.png */ = {isa = PBXFileReference; lastKnownFileType = image.png; path = "star@2x.png"; sourceTree = "<group>"; };
		5DFEF4911DA263F6009778BB /* RestaurantDetailViewController.h */ = {isa = PBXFileReference; fileEncoding = 4; lastKnownFileType = sourcecode.c.h; path = RestaurantDetailViewController.h; sourceTree = "<group>"; };
		5DFEF4921DA263F6009778BB /* RestaurantDetailViewController.m */ = {isa = PBXFileReference; fileEncoding = 4; lastKnownFileType = sourcecode.c.objc; path = RestaurantDetailViewController.m; sourceTree = "<group>"; };
/* End PBXFileReference section */

/* Begin PBXFrameworksBuildPhase section */
		5DFEF4501D9CA4B5009778BB /* Frameworks */ = {
			isa = PBXFrameworksBuildPhase;
			buildActionMask = 2147483647;
			files = (
				5D71E27E1DA2B8760052BDFF /* MapKit.framework in Frameworks */,
				5D71E27C1DA2B86E0052BDFF /* CoreLocation.framework in Frameworks */,
			);
			runOnlyForDeploymentPostprocessing = 0;
		};
/* End PBXFrameworksBuildPhase section */

/* Begin PBXGroup section */
		5D71E27F1DA2CB140052BDFF /* includes */ = {
			isa = PBXGroup;
			children = (
				5D71E2801DA2CB310052BDFF /* Constants.h */,
				5D71E2811DA2CB310052BDFF /* Constants.m */,
			);
			name = includes;
			sourceTree = "<group>";
		};
		5D71E2851DA340700052BDFF /* categories */ = {
			isa = PBXGroup;
			children = (
				5D71E2861DA341230052BDFF /* UIImage+Save.h */,
				5D71E2871DA341230052BDFF /* UIImage+Save.m */,
			);
			name = categories;
			sourceTree = "<group>";
		};
		5DFEF44A1D9CA4B5009778BB = {
			isa = PBXGroup;
			children = (
				5DFEF47C1DA168B3009778BB /* Frameworks */,
				5DFEF4551D9CA4B5009778BB /* RistorantApp */,
				5DFEF4541D9CA4B5009778BB /* Products */,
			);
			sourceTree = "<group>";
		};
		5DFEF4541D9CA4B5009778BB /* Products */ = {
			isa = PBXGroup;
			children = (
				5DFEF4531D9CA4B5009778BB /* RistorantApp.app */,
			);
			name = Products;
			sourceTree = "<group>";
		};
		5DFEF4551D9CA4B5009778BB /* RistorantApp */ = {
			isa = PBXGroup;
			children = (
				5D71E2851DA340700052BDFF /* categories */,
				5DFEF4721DA16351009778BB /* controllers */,
				5D71E27F1DA2CB140052BDFF /* includes */,
				5DFEF4731DA16385009778BB /* models */,
				5DFEF4711DA1633F009778BB /* views */,
				5DFEF4591D9CA4B6009778BB /* AppDelegate.h */,
				5DFEF45A1D9CA4B6009778BB /* AppDelegate.m */,
				5DFEF4651D9CA4B6009778BB /* Assets.xcassets */,
				5DFEF46A1D9CA4B6009778BB /* Info.plist */,
				5DFEF4621D9CA4B6009778BB /* RistorantApp.xcdatamodeld */,
				5DFEF4561D9CA4B5009778BB /* Supporting Files */,
			);
			path = RistorantApp;
			sourceTree = "<group>";
		};
		5DFEF4561D9CA4B5009778BB /* Supporting Files */ = {
			isa = PBXGroup;
			children = (
				5D71E2831DA2E9390052BDFF /* placeholder.png */,
				5DFEF48D1DA23B8E009778BB /* star.png */,
				5DFEF48E1DA23B8E009778BB /* star@2x.png */,
				5DFEF4571D9CA4B6009778BB /* main.m */,
			);
			name = "Supporting Files";
			sourceTree = "<group>";
		};
		5DFEF4711DA1633F009778BB /* views */ = {
			isa = PBXGroup;
			children = (
				5DFEF45F1D9CA4B6009778BB /* Main.storyboard */,
				5DFEF4671D9CA4B6009778BB /* LaunchScreen.storyboard */,
			);
			name = views;
			sourceTree = "<group>";
		};
		5DFEF4721DA16351009778BB /* controllers */ = {
			isa = PBXGroup;
			children = (
				5DFEF4771DA16834009778BB /* CoreDataStorage.h */,
				5DFEF4781DA16834009778BB /* CoreDataStorage.m */,
				5DFEF4861DA236DA009778BB /* RestaurantTableViewController.h */,
				5DFEF4871DA236DA009778BB /* RestaurantTableViewController.m */,
				5DFEF4891DA2373A009778BB /* RestaurantTableViewCell.h */,
				5DFEF48A1DA2373A009778BB /* RestaurantTableViewCell.m */,
				5DFEF4911DA263F6009778BB /* RestaurantDetailViewController.h */,
				5DFEF4921DA263F6009778BB /* RestaurantDetailViewController.m */,
				5D71E2781DA2AE910052BDFF /* LocationViewController.h */,
				5D71E2791DA2AE910052BDFF /* LocationViewController.m */,
			);
			name = controllers;
			sourceTree = "<group>";
		};
		5DFEF4731DA16385009778BB /* models */ = {
			isa = PBXGroup;
			children = (
				5DFEF4741DA1643E009778BB /* Restaurant.h */,
				5DFEF4751DA1643E009778BB /* Restaurant.m */,
			);
			name = models;
			sourceTree = "<group>";
		};
		5DFEF47C1DA168B3009778BB /* Frameworks */ = {
			isa = PBXGroup;
			children = (
				5D71E27D1DA2B8760052BDFF /* MapKit.framework */,
				5D71E27B1DA2B86E0052BDFF /* CoreLocation.framework */,
			);
			name = Frameworks;
			sourceTree = "<group>";
		};
/* End PBXGroup section */

/* Begin PBXNativeTarget section */
		5DFEF4521D9CA4B5009778BB /* RistorantApp */ = {
			isa = PBXNativeTarget;
			buildConfigurationList = 5DFEF46D1D9CA4B6009778BB /* Build configuration list for PBXNativeTarget "RistorantApp" */;
			buildPhases = (
				5DFEF44F1D9CA4B5009778BB /* Sources */,
				5DFEF4501D9CA4B5009778BB /* Frameworks */,
				5DFEF4511D9CA4B5009778BB /* Resources */,
			);
			buildRules = (
			);
			dependencies = (
			);
			name = RistorantApp;
			productName = RistorantApp;
			productReference = 5DFEF4531D9CA4B5009778BB /* RistorantApp.app */;
			productType = "com.apple.product-type.application";
		};
/* End PBXNativeTarget section */

/* Begin PBXProject section */
		5DFEF44B1D9CA4B5009778BB /* Project object */ = {
			isa = PBXProject;
			attributes = {
				LastUpgradeCheck = 0730;
				ORGANIZATIONNAME = NDM;
				TargetAttributes = {
					5DFEF4521D9CA4B5009778BB = {
						CreatedOnToolsVersion = 7.3;
					};
				};
			};
			buildConfigurationList = 5DFEF44E1D9CA4B5009778BB /* Build configuration list for PBXProject "RistorantApp" */;
			compatibilityVersion = "Xcode 3.2";
			developmentRegion = English;
			hasScannedForEncodings = 0;
			knownRegions = (
				en,
				Base,
			);
			mainGroup = 5DFEF44A1D9CA4B5009778BB;
			productRefGroup = 5DFEF4541D9CA4B5009778BB /* Products */;
			projectDirPath = "";
			projectRoot = "";
			targets = (
				5DFEF4521D9CA4B5009778BB /* RistorantApp */,
			);
		};
/* End PBXProject section */

/* Begin PBXResourcesBuildPhase section */
		5DFEF4511D9CA4B5009778BB /* Resources */ = {
			isa = PBXResourcesBuildPhase;
			buildActionMask = 2147483647;
			files = (
				5DFEF4691D9CA4B6009778BB /* LaunchScreen.storyboard in Resources */,
				5D71E2841DA2E9390052BDFF /* placeholder.png in Resources */,
				5DFEF4901DA23B8E009778BB /* star@2x.png in Resources */,
				5DFEF48F1DA23B8E009778BB /* star.png in Resources */,
				5DFEF4661D9CA4B6009778BB /* Assets.xcassets in Resources */,
				5DFEF4611D9CA4B6009778BB /* Main.storyboard in Resources */,
			);
			runOnlyForDeploymentPostprocessing = 0;
		};
/* End PBXResourcesBuildPhase section */

/* Begin PBXSourcesBuildPhase section */
		5DFEF44F1D9CA4B5009778BB /* Sources */ = {
			isa = PBXSourcesBuildPhase;
			buildActionMask = 2147483647;
			files = (
				5DFEF4761DA1643E009778BB /* Restaurant.m in Sources */,
				5D71E27A1DA2AE910052BDFF /* LocationViewController.m in Sources */,
				5DFEF4641D9CA4B6009778BB /* RistorantApp.xcdatamodeld in Sources */,
				5DFEF48B1DA2373A009778BB /* RestaurantTableViewCell.m in Sources */,
				5DFEF4881DA236DA009778BB /* RestaurantTableViewController.m in Sources */,
				5D71E2821DA2CB310052BDFF /* Constants.m in Sources */,
				5DFEF4931DA263F6009778BB /* RestaurantDetailViewController.m in Sources */,
				5D71E2881DA341230052BDFF /* UIImage+Save.m in Sources */,
				5DFEF4791DA16834009778BB /* CoreDataStorage.m in Sources */,
				5DFEF45B1D9CA4B6009778BB /* AppDelegate.m in Sources */,
				5DFEF4581D9CA4B6009778BB /* main.m in Sources */,
			);
			runOnlyForDeploymentPostprocessing = 0;
		};
/* End PBXSourcesBuildPhase section */

/* Begin PBXVariantGroup section */
		5DFEF45F1D9CA4B6009778BB /* Main.storyboard */ = {
			isa = PBXVariantGroup;
			children = (
				5DFEF4601D9CA4B6009778BB /* Base */,
			);
			name = Main.storyboard;
			sourceTree = "<group>";
		};
		5DFEF4671D9CA4B6009778BB /* LaunchScreen.storyboard */ = {
			isa = PBXVariantGroup;
			children = (
				5DFEF4681D9CA4B6009778BB /* Base */,
			);
			name = LaunchScreen.storyboard;
			sourceTree = "<group>";
		};
/* End PBXVariantGroup section */

/* Begin XCBuildConfiguration section */
		5DFEF46B1D9CA4B6009778BB /* Debug */ = {
			isa = XCBuildConfiguration;
			buildSettings = {
				ALWAYS_SEARCH_USER_PATHS = NO;
				CLANG_ANALYZER_NONNULL = YES;
				CLANG_CXX_LANGUAGE_STANDARD = "gnu++0x";
				CLANG_CXX_LIBRARY = "libc++";
				CLANG_ENABLE_MODULES = YES;
				CLANG_ENABLE_OBJC_ARC = YES;
				CLANG_WARN_BOOL_CONVERSION = YES;
				CLANG_WARN_CONSTANT_CONVERSION = YES;
				CLANG_WARN_DIRECT_OBJC_ISA_USAGE = YES_ERROR;
				CLANG_WARN_EMPTY_BODY = YES;
				CLANG_WARN_ENUM_CONVERSION = YES;
				CLANG_WARN_INT_CONVERSION = YES;
				CLANG_WARN_OBJC_ROOT_CLASS = YES_ERROR;
				CLANG_WARN_UNREACHABLE_CODE = YES;
				CLANG_WARN__DUPLICATE_METHOD_MATCH = YES;
				"CODE_SIGN_IDENTITY[sdk=iphoneos*]" = "iPhone Developer";
				COPY_PHASE_STRIP = NO;
				DEBUG_INFORMATION_FORMAT = dwarf;
				ENABLE_STRICT_OBJC_MSGSEND = YES;
				ENABLE_TESTABILITY = YES;
				GCC_C_LANGUAGE_STANDARD = gnu99;
				GCC_DYNAMIC_NO_PIC = NO;
				GCC_NO_COMMON_BLOCKS = YES;
				GCC_OPTIMIZATION_LEVEL = 0;
				GCC_PREPROCESSOR_DEFINITIONS = (
					"DEBUG=1",
					"$(inherited)",
				);
				GCC_WARN_64_TO_32_BIT_CONVERSION = YES;
				GCC_WARN_ABOUT_RETURN_TYPE = YES_ERROR;
				GCC_WARN_UNDECLARED_SELECTOR = YES;
				GCC_WARN_UNINITIALIZED_AUTOS = YES_AGGRESSIVE;
				GCC_WARN_UNUSED_FUNCTION = YES;
				GCC_WARN_UNUSED_VARIABLE = YES;
				IPHONEOS_DEPLOYMENT_TARGET = 9.3;
				MTL_ENABLE_DEBUG_INFO = YES;
				ONLY_ACTIVE_ARCH = YES;
				SDKROOT = iphoneos;
				TARGETED_DEVICE_FAMILY = "1,2";
			};
			name = Debug;
		};
		5DFEF46C1D9CA4B6009778BB /* Release */ = {
			isa = XCBuildConfiguration;
			buildSettings = {
				ALWAYS_SEARCH_USER_PATHS = NO;
				CLANG_ANALYZER_NONNULL = YES;
				CLANG_CXX_LANGUAGE_STANDARD = "gnu++0x";
				CLANG_CXX_LIBRARY = "libc++";
				CLANG_ENABLE_MODULES = YES;
				CLANG_ENABLE_OBJC_ARC = YES;
				CLANG_WARN_BOOL_CONVERSION = YES;
				CLANG_WARN_CONSTANT_CONVERSION = YES;
				CLANG_WARN_DIRECT_OBJC_ISA_USAGE = YES_ERROR;
				CLANG_WARN_EMPTY_BODY = YES;
				CLANG_WARN_ENUM_CONVERSION = YES;
				CLANG_WARN_INT_CONVERSION = YES;
				CLANG_WARN_OBJC_ROOT_CLASS = YES_ERROR;
				CLANG_WARN_UNREACHABLE_CODE = YES;
				CLANG_WARN__DUPLICATE_METHOD_MATCH = YES;
				"CODE_SIGN_IDENTITY[sdk=iphoneos*]" = "iPhone Developer";
				COPY_PHASE_STRIP = NO;
				DEBUG_INFORMATION_FORMAT = "dwarf-with-dsym";
				ENABLE_NS_ASSERTIONS = NO;
				ENABLE_STRICT_OBJC_MSGSEND = YES;
				GCC_C_LANGUAGE_STANDARD = gnu99;
				GCC_NO_COMMON_BLOCKS = YES;
				GCC_WARN_64_TO_32_BIT_CONVERSION = YES;
				GCC_WARN_ABOUT_RETURN_TYPE = YES_ERROR;
				GCC_WARN_UNDECLARED_SELECTOR = YES;
				GCC_WARN_UNINITIALIZED_AUTOS = YES_AGGRESSIVE;
				GCC_WARN_UNUSED_FUNCTION = YES;
				GCC_WARN_UNUSED_VARIABLE = YES;
				IPHONEOS_DEPLOYMENT_TARGET = 9.3;
				MTL_ENABLE_DEBUG_INFO = NO;
				SDKROOT = iphoneos;
				TARGETED_DEVICE_FAMILY = "1,2";
				VALIDATE_PRODUCT = YES;
			};
			name = Release;
		};
		5DFEF46E1D9CA4B6009778BB /* Debug */ = {
			isa = XCBuildConfiguration;
			buildSettings = {
				ASSETCATALOG_COMPILER_APPICON_NAME = AppIcon;
				INFOPLIST_FILE = RistorantApp/Info.plist;
				LD_RUNPATH_SEARCH_PATHS = "$(inherited) @executable_path/Frameworks";
				PRODUCT_BUNDLE_IDENTIFIER = serratomoreno.RistorantApp;
				PRODUCT_NAME = "$(TARGET_NAME)";
				TARGETED_DEVICE_FAMILY = 1;
			};
			name = Debug;
		};
		5DFEF46F1D9CA4B6009778BB /* Release */ = {
			isa = XCBuildConfiguration;
			buildSettings = {
				ASSETCATALOG_COMPILER_APPICON_NAME = AppIcon;
				INFOPLIST_FILE = RistorantApp/Info.plist;
				LD_RUNPATH_SEARCH_PATHS = "$(inherited) @executable_path/Frameworks";
				PRODUCT_BUNDLE_IDENTIFIER = serratomoreno.RistorantApp;
				PRODUCT_NAME = "$(TARGET_NAME)";
				TARGETED_DEVICE_FAMILY = 1;
			};
			name = Release;
		};
/* End XCBuildConfiguration section */

/* Begin XCConfigurationList section */
		5DFEF44E1D9CA4B5009778BB /* Build configuration list for PBXProject "RistorantApp" */ = {
			isa = XCConfigurationList;
			buildConfigurations = (
				5DFEF46B1D9CA4B6009778BB /* Debug */,
				5DFEF46C1D9CA4B6009778BB /* Release */,
			);
			defaultConfigurationIsVisible = 0;
			defaultConfigurationName = Release;
		};
		5DFEF46D1D9CA4B6009778BB /* Build configuration list for PBXNativeTarget "RistorantApp" */ = {
			isa = XCConfigurationList;
			buildConfigurations = (
				5DFEF46E1D9CA4B6009778BB /* Debug */,
				5DFEF46F1D9CA4B6009778BB /* Release */,
			);
			defaultConfigurationIsVisible = 0;
			defaultConfigurationName = Release;
		};
/* End XCConfigurationList section */

/* Begin XCVersionGroup section */
		5DFEF4621D9CA4B6009778BB /* RistorantApp.xcdatamodeld */ = {
			isa = XCVersionGroup;
			children = (
				5DFEF4631D9CA4B6009778BB /* RistorantApp.xcdatamodel */,
			);
			currentVersion = 5DFEF4631D9CA4B6009778BB /* RistorantApp.xcdatamodel */;
			path = RistorantApp.xcdatamodeld;
			sourceTree = "<group>";
			versionGroupType = wrapper.xcdatamodel;
		};
/* End XCVersionGroup section */
	};
	rootObject = 5DFEF44B1D9CA4B5009778BB /* Project object */;
}
